
Microsoft Visual Studio Solution File, Format Version 12.00
# Visual Studio 15
VisualStudioVersion = 15.0.27703.2035
MinimumVisualStudioVersion = 10.0.40219.1
Project("{FAE04EC0-301F-11D3-BF4B-00C04F79EFBC}") = "IoTDemoFuncAppv1", "IoTDemoFuncAppv1\IoTDemoFuncAppv1.csproj", "{80E2CE07-11EB-46EF-A58E-A65678E40BE1}"
EndProject
Global
	GlobalSection(SolutionConfigurationPlatforms) = preSolution
		Debug|Any CPU = Debug|Any CPU
		Release|Any CPU = Release|Any CPU
	EndGlobalSection
	GlobalSection(ProjectConfigurationPlatforms) = postSolution
		{80E2CE07-11EB-46EF-A58E-A65678E40BE1}.Debug|Any CPU.ActiveCfg = Debug|Any CPU
		{80E2CE07-11EB-46EF-A58E-A65678E40BE1}.Debug|Any CPU.Build.0 = Debug|Any CPU
		{80E2CE07-11EB-46EF-A58E-A65678E40BE1}.Release|Any CPU.ActiveCfg = Release|Any CPU
		{80E2CE07-11EB-46EF-A58E-A65678E40BE1}.Release|Any CPU.Build.0 = Release|Any CPU
	EndGlobalSection
	GlobalSection(SolutionProperties) = preSolution
		HideSolutionNode = FALSE
	EndGlobalSection
	GlobalSection(ExtensibilityGlobals) = postSolution
		SolutionGuid = {8C7038CD-604F-4E11-8015-EDB6CF4A6827}
	EndGlobalSection
EndGlobal
